Microsoft Visual Studio Solution File, Format Version 9.00
# Visual Studio 2005
Project("{8BC9CEB8-8B4A-11D0-8D11-00A0C91BC942}") = "istd", "C:/Temp/Acf/Install/Temp/Include/istd/VC8\istd.vcproj", "{EF65BF59-2BFF-3FEC-96F3-26D5EACB4205}"
EndProject
Project("{8BC9CEB8-8B4A-11D0-8D11-00A0C91BC942}") = "isys", "C:/Temp/Acf/Install/Temp/Include/isys/VC8\isys.vcproj", "{CB37FCAE-8911-3DB7-BA6B-4F8AFF528E75}"
EndProject
Project("{8BC9CEB8-8B4A-11D0-8D11-00A0C91BC942}") = "iser", "C:/Temp/Acf/Install/Temp/Include/iser/VC8\iser.vcproj", "{36E52977-7083-3C3C-AAE5-9C0D29057566}"
EndProject
Project("{8BC9CEB8-8B4A-11D0-8D11-00A0C91BC942}") = "isec", "C:/Temp/Acf/Install/Temp/Include/isec/VC8\isec.vcproj", "{32D0BC2A-E686-36FC-AA15-062A5431F04D}"
EndProject
Project("{8BC9CEB8-8B4A-11D0-8D11-00A0C91BC942}") = "i2d", "C:/Temp/Acf/Install/Temp/Include/i2d/VC8\i2d.vcproj", "{3089ECC0-20F1-31D7-9803-6C960BCF3561}"
EndProject
Project("{8BC9CEB8-8B4A-11D0-8D11-00A0C91BC942}") = "iimg", "C:/Temp/Acf/Install/Temp/Include/iimg/VC8\iimg.vcproj", "{945AF063-A07D-3EFA-8206-0BD01830F524}"
EndProject
Project("{8BC9CEB8-8B4A-11D0-8D11-00A0C91BC942}") = "imath", "C:/Temp/Acf/Install/Temp/Include/imath/VC8\imath.vcproj", "{684A1C26-0763-36FD-9457-94AC9AA5A724}"
EndProject
Project("{8BC9CEB8-8B4A-11D0-8D11-00A0C91BC942}") = "icmm", "C:/Temp/Acf/Install/Temp/Include/icmm/VC8\icmm.vcproj", "{EB600C6C-FC20-3F44-AAED-273D007242B5}"
EndProject
Project("{8BC9CEB8-8B4A-11D0-8D11-00A0C91BC942}") = "imod", "C:/Temp/Acf/Install/Temp/Include/imod/VC8\imod.vcproj", "{F30D9A0A-AE4C-3B06-B8E9-0AAD1FC32949}"
EndProject
Project("{8BC9CEB8-8B4A-11D0-8D11-00A0C91BC942}") = "icomp", "C:/Temp/Acf/Install/Temp/Include/icomp/VC8\icomp.vcproj", "{79BC695E-4FD9-3C07-B429-12663EE2B845}"
EndProject
Project("{8BC9CEB8-8B4A-11D0-8D11-00A0C91BC942}") = "idoc", "C:/Temp/Acf/Install/Temp/Include/idoc/VC8\idoc.vcproj", "{DFAF22FD-C0C0-336A-9A16-2C1D6374DFD5}"
EndProject
Project("{8BC9CEB8-8B4A-11D0-8D11-00A0C91BC942}") = "iprm", "C:/Temp/Acf/Install/Temp/Include/iprm/VC8\iprm.vcproj", "{32F65A2F-1495-30F6-8DA2-310012DCB928}"
EndProject
Project("{8BC9CEB8-8B4A-11D0-8D11-00A0C91BC942}") = "ibase", "C:/Temp/Acf/Install/Temp/Include/ibase/VC8\ibase.vcproj", "{E330D6D3-DEAC-3F98-8B65-8B190423A581}"
EndProject
Project("{8BC9CEB8-8B4A-11D0-8D11-00A0C91BC942}") = "iproc", "C:/Temp/Acf/Install/Temp/Include/iproc/VC8\iproc.vcproj", "{C521CD9A-8A4A-3522-8429-E069608C8D66}"
EndProject
Project("{8BC9CEB8-8B4A-11D0-8D11-00A0C91BC942}") = "iqt", "C:/Temp/Acf/Install/Temp/Include/iqt/VC8\iqt.vcproj", "{5782F8F8-7A79-3190-8754-D0F0A9D97329}"
EndProject
Project("{8BC9CEB8-8B4A-11D0-8D11-00A0C91BC942}") = "iqt2d", "C:/Temp/Acf/Install/Temp/Include/iqt2d/VC8\iqt2d.vcproj", "{748E55BF-73EC-3E7C-B56D-1E5E6BD674D0}"
EndProject
Project("{8BC9CEB8-8B4A-11D0-8D11-00A0C91BC942}") = "iqtdoc", "C:/Temp/Acf/Install/Temp/Include/iqtdoc/VC8\iqtdoc.vcproj", "{343D1F2D-1F56-3B2A-AC84-62DFDCB762C7}"
EndProject
Project("{8BC9CEB8-8B4A-11D0-8D11-00A0C91BC942}") = "iqtgui", "C:/Temp/Acf/Install/Temp/Include/iqtgui/VC8\iqtgui.vcproj", "{E8FC729F-F8DE-3D92-90C4-1972215D2514}"
EndProject
Project("{8BC9CEB8-8B4A-11D0-8D11-00A0C91BC942}") = "iqtmm", "C:/Temp/Acf/Install/Temp/Include/iqtmm/VC8\iqtmm.vcproj", "{F3D78323-E3E6-3CA0-8E30-FB941EDB3066}"
EndProject
Project("{8BC9CEB8-8B4A-11D0-8D11-00A0C91BC942}") = "iqtprm", "C:/Temp/Acf/Install/Temp/Include/iqtprm/VC8\iqtprm.vcproj", "{0E5CE5EB-7E12-3615-985C-53466763A7D5}"
EndProject
Project("{8BC9CEB8-8B4A-11D0-8D11-00A0C91BC942}") = "iqtproc", "C:/Temp/Acf/Install/Temp/Include/iqtproc/VC8\iqtproc.vcproj", "{2CCE99DE-14D2-3CBF-A061-00C52905A3DD}"
EndProject
Project("{8BC9CEB8-8B4A-11D0-8D11-00A0C91BC942}") = "icmpstr", "C:/Temp/Acf/Install/Temp/Include/icmpstr/VC8\icmpstr.vcproj", "{912D90C1-57D0-3C42-A322-15F6B6E3037E}"
EndProject
Project("{8BC9CEB8-8B4A-11D0-8D11-00A0C91BC942}") = "BasePck", "C:/Temp/Acf/Install/Temp/Impl/BasePck/VC8\BasePck.vcproj", "{8AD6C67E-7D3A-3B10-B4E5-152CFB429099}"
EndProject
Project("{8BC9CEB8-8B4A-11D0-8D11-00A0C91BC942}") = "QtPck", "C:/Temp/Acf/Install/Temp/Impl/QtPck/VC8\QtPck.vcproj", "{DF996132-E2F5-3F15-8758-8F1EA0F79ED2}"
EndProject
Project("{8BC9CEB8-8B4A-11D0-8D11-00A0C91BC942}") = "QtGuiPck", "C:/Temp/Acf/Install/Temp/Impl/QtGuiPck/VC8\QtGuiPck.vcproj", "{4B645CC5-DF97-37D7-BAE7-BB9B6F6CC0E8}"
EndProject
Project("{8BC9CEB8-8B4A-11D0-8D11-00A0C91BC942}") = "QtViewPck", "C:/Temp/Acf/Install/Temp/Impl/QtViewPck/VC8\QtViewPck.vcproj", "{E8C14C49-E597-3FE7-A38E-AA2AF908107A}"
EndProject
Project("{8BC9CEB8-8B4A-11D0-8D11-00A0C91BC942}") = "QtMmPck", "C:/Temp/Acf/Install/Temp/Impl/QtMmPck/VC8\QtMmPck.vcproj", "{0A0149C6-E88E-3173-AF9D-668C64DF8C97}"
EndProject
Project("{8BC9CEB8-8B4A-11D0-8D11-00A0C91BC942}") = "CmpstrPck", "C:/Temp/Acf/Install/Temp/Impl/CmpstrPck/VC8\CmpstrPck.vcproj", "{55390627-F5CA-3FCE-AC42-018AC10AA5F2}"
EndProject
Project("{8BC9CEB8-8B4A-11D0-8D11-00A0C91BC942}") = "Acf", "C:/Temp/Acf/Install/Temp/Impl/AcfExe/VC8\Acf.vcproj", "{7D2C18D8-63B5-36C0-AE8F-895B9F83EB42}"
EndProject
Project("{8BC9CEB8-8B4A-11D0-8D11-00A0C91BC942}") = "Arxc", "C:/Temp/Acf/Install/Temp/Impl/ArxcExe/VC8\Arxc.vcproj", "{B82286B9-F79B-32F3-93FE-EA1040D7F6B9}"
EndProject
Project("{8BC9CEB8-8B4A-11D0-8D11-00A0C91BC942}") = "CompositorMini", "C:/Temp/Acf/Install/Temp/Impl/CompositorMiniExe/VC8\CompositorMini.vcproj", "{A8947B85-F779-3AAE-ACB0-349B50CC8F81}"
EndProject
Global
	GlobalSection(SolutionConfiguration) = preSolution
		ConfigName.0 = Debug|Win32
		ConfigName.1 = Release|Win32
	EndGlobalSection
	GlobalSection(ProjectDependencies) = postSolution
		{8AD6C67E-7D3A-3B10-B4E5-152CFB429099}.0 = {E330D6D3-DEAC-3F98-8B65-8B190423A581}
		{8AD6C67E-7D3A-3B10-B4E5-152CFB429099}.1 = {79BC695E-4FD9-3C07-B429-12663EE2B845}
		{8AD6C67E-7D3A-3B10-B4E5-152CFB429099}.2 = {3089ECC0-20F1-31D7-9803-6C960BCF3561}
		{8AD6C67E-7D3A-3B10-B4E5-152CFB429099}.3 = {C521CD9A-8A4A-3522-8429-E069608C8D66}
		{8AD6C67E-7D3A-3B10-B4E5-152CFB429099}.4 = {DFAF22FD-C0C0-336A-9A16-2C1D6374DFD5}
		{8AD6C67E-7D3A-3B10-B4E5-152CFB429099}.5 = {32D0BC2A-E686-36FC-AA15-062A5431F04D}
		{8AD6C67E-7D3A-3B10-B4E5-152CFB429099}.6 = {32F65A2F-1495-30F6-8DA2-310012DCB928}
		{8AD6C67E-7D3A-3B10-B4E5-152CFB429099}.7 = {945AF063-A07D-3EFA-8206-0BD01830F524}
		{8AD6C67E-7D3A-3B10-B4E5-152CFB429099}.8 = {EB600C6C-FC20-3F44-AAED-273D007242B5}
		{8AD6C67E-7D3A-3B10-B4E5-152CFB429099}.9 = {684A1C26-0763-36FD-9457-94AC9AA5A724}
		{8AD6C67E-7D3A-3B10-B4E5-152CFB429099}.10 = {CB37FCAE-8911-3DB7-BA6B-4F8AFF528E75}
		{8AD6C67E-7D3A-3B10-B4E5-152CFB429099}.11 = {F30D9A0A-AE4C-3B06-B8E9-0AAD1FC32949}
		{8AD6C67E-7D3A-3B10-B4E5-152CFB429099}.12 = {36E52977-7083-3C3C-AAE5-9C0D29057566}
		{8AD6C67E-7D3A-3B10-B4E5-152CFB429099}.13 = {EF65BF59-2BFF-3FEC-96F3-26D5EACB4205}
		{DF996132-E2F5-3F15-8758-8F1EA0F79ED2}.0 = {F3D78323-E3E6-3CA0-8E30-FB941EDB3066}
		{DF996132-E2F5-3F15-8758-8F1EA0F79ED2}.1 = {2CCE99DE-14D2-3CBF-A061-00C52905A3DD}
		{DF996132-E2F5-3F15-8758-8F1EA0F79ED2}.2 = {343D1F2D-1F56-3B2A-AC84-62DFDCB762C7}
		{DF996132-E2F5-3F15-8758-8F1EA0F79ED2}.3 = {748E55BF-73EC-3E7C-B56D-1E5E6BD674D0}
		{DF996132-E2F5-3F15-8758-8F1EA0F79ED2}.4 = {0E5CE5EB-7E12-3615-985C-53466763A7D5}
		{DF996132-E2F5-3F15-8758-8F1EA0F79ED2}.5 = {E8FC729F-F8DE-3D92-90C4-1972215D2514}
		{DF996132-E2F5-3F15-8758-8F1EA0F79ED2}.6 = {5782F8F8-7A79-3190-8754-D0F0A9D97329}
		{DF996132-E2F5-3F15-8758-8F1EA0F79ED2}.7 = {E330D6D3-DEAC-3F98-8B65-8B190423A581}
		{DF996132-E2F5-3F15-8758-8F1EA0F79ED2}.8 = {79BC695E-4FD9-3C07-B429-12663EE2B845}
		{DF996132-E2F5-3F15-8758-8F1EA0F79ED2}.9 = {3089ECC0-20F1-31D7-9803-6C960BCF3561}
		{DF996132-E2F5-3F15-8758-8F1EA0F79ED2}.10 = {C521CD9A-8A4A-3522-8429-E069608C8D66}
		{DF996132-E2F5-3F15-8758-8F1EA0F79ED2}.11 = {DFAF22FD-C0C0-336A-9A16-2C1D6374DFD5}
		{DF996132-E2F5-3F15-8758-8F1EA0F79ED2}.12 = {32D0BC2A-E686-36FC-AA15-062A5431F04D}
		{DF996132-E2F5-3F15-8758-8F1EA0F79ED2}.13 = {32F65A2F-1495-30F6-8DA2-310012DCB928}
		{DF996132-E2F5-3F15-8758-8F1EA0F79ED2}.14 = {945AF063-A07D-3EFA-8206-0BD01830F524}
		{DF996132-E2F5-3F15-8758-8F1EA0F79ED2}.15 = {EB600C6C-FC20-3F44-AAED-273D007242B5}
		{DF996132-E2F5-3F15-8758-8F1EA0F79ED2}.16 = {684A1C26-0763-36FD-9457-94AC9AA5A724}
		{DF996132-E2F5-3F15-8758-8F1EA0F79ED2}.17 = {CB37FCAE-8911-3DB7-BA6B-4F8AFF528E75}
		{DF996132-E2F5-3F15-8758-8F1EA0F79ED2}.18 = {F30D9A0A-AE4C-3B06-B8E9-0AAD1FC32949}
		{DF996132-E2F5-3F15-8758-8F1EA0F79ED2}.19 = {36E52977-7083-3C3C-AAE5-9C0D29057566}
		{DF996132-E2F5-3F15-8758-8F1EA0F79ED2}.20 = {EF65BF59-2BFF-3FEC-96F3-26D5EACB4205}
		{4B645CC5-DF97-37D7-BAE7-BB9B6F6CC0E8}.0 = {F3D78323-E3E6-3CA0-8E30-FB941EDB3066}
		{4B645CC5-DF97-37D7-BAE7-BB9B6F6CC0E8}.1 = {2CCE99DE-14D2-3CBF-A061-00C52905A3DD}
		{4B645CC5-DF97-37D7-BAE7-BB9B6F6CC0E8}.2 = {343D1F2D-1F56-3B2A-AC84-62DFDCB762C7}
		{4B645CC5-DF97-37D7-BAE7-BB9B6F6CC0E8}.3 = {748E55BF-73EC-3E7C-B56D-1E5E6BD674D0}
		{4B645CC5-DF97-37D7-BAE7-BB9B6F6CC0E8}.4 = {0E5CE5EB-7E12-3615-985C-53466763A7D5}
		{4B645CC5-DF97-37D7-BAE7-BB9B6F6CC0E8}.5 = {E8FC729F-F8DE-3D92-90C4-1972215D2514}
		{4B645CC5-DF97-37D7-BAE7-BB9B6F6CC0E8}.6 = {5782F8F8-7A79-3190-8754-D0F0A9D97329}
		{4B645CC5-DF97-37D7-BAE7-BB9B6F6CC0E8}.7 = {E330D6D3-DEAC-3F98-8B65-8B190423A581}
		{4B645CC5-DF97-37D7-BAE7-BB9B6F6CC0E8}.8 = {79BC695E-4FD9-3C07-B429-12663EE2B845}
		{4B645CC5-DF97-37D7-BAE7-BB9B6F6CC0E8}.9 = {3089ECC0-20F1-31D7-9803-6C960BCF3561}
		{4B645CC5-DF97-37D7-BAE7-BB9B6F6CC0E8}.10 = {C521CD9A-8A4A-3522-8429-E069608C8D66}
		{4B645CC5-DF97-37D7-BAE7-BB9B6F6CC0E8}.11 = {DFAF22FD-C0C0-336A-9A16-2C1D6374DFD5}
		{4B645CC5-DF97-37D7-BAE7-BB9B6F6CC0E8}.12 = {32D0BC2A-E686-36FC-AA15-062A5431F04D}
		{4B645CC5-DF97-37D7-BAE7-BB9B6F6CC0E8}.13 = {32F65A2F-1495-30F6-8DA2-310012DCB928}
		{4B645CC5-DF97-37D7-BAE7-BB9B6F6CC0E8}.14 = {945AF063-A07D-3EFA-8206-0BD01830F524}
		{4B645CC5-DF97-37D7-BAE7-BB9B6F6CC0E8}.15 = {EB600C6C-FC20-3F44-AAED-273D007242B5}
		{4B645CC5-DF97-37D7-BAE7-BB9B6F6CC0E8}.16 = {684A1C26-0763-36FD-9457-94AC9AA5A724}
		{4B645CC5-DF97-37D7-BAE7-BB9B6F6CC0E8}.17 = {CB37FCAE-8911-3DB7-BA6B-4F8AFF528E75}
		{4B645CC5-DF97-37D7-BAE7-BB9B6F6CC0E8}.18 = {F30D9A0A-AE4C-3B06-B8E9-0AAD1FC32949}
		{4B645CC5-DF97-37D7-BAE7-BB9B6F6CC0E8}.19 = {36E52977-7083-3C3C-AAE5-9C0D29057566}
		{4B645CC5-DF97-37D7-BAE7-BB9B6F6CC0E8}.20 = {EF65BF59-2BFF-3FEC-96F3-26D5EACB4205}
		{E8C14C49-E597-3FE7-A38E-AA2AF908107A}.0 = {F3D78323-E3E6-3CA0-8E30-FB941EDB3066}
		{E8C14C49-E597-3FE7-A38E-AA2AF908107A}.1 = {2CCE99DE-14D2-3CBF-A061-00C52905A3DD}
		{E8C14C49-E597-3FE7-A38E-AA2AF908107A}.2 = {343D1F2D-1F56-3B2A-AC84-62DFDCB762C7}
		{E8C14C49-E597-3FE7-A38E-AA2AF908107A}.3 = {748E55BF-73EC-3E7C-B56D-1E5E6BD674D0}
		{E8C14C49-E597-3FE7-A38E-AA2AF908107A}.4 = {0E5CE5EB-7E12-3615-985C-53466763A7D5}
		{E8C14C49-E597-3FE7-A38E-AA2AF908107A}.5 = {E8FC729F-F8DE-3D92-90C4-1972215D2514}
		{E8C14C49-E597-3FE7-A38E-AA2AF908107A}.6 = {5782F8F8-7A79-3190-8754-D0F0A9D97329}
		{E8C14C49-E597-3FE7-A38E-AA2AF908107A}.7 = {E330D6D3-DEAC-3F98-8B65-8B190423A581}
		{E8C14C49-E597-3FE7-A38E-AA2AF908107A}.8 = {79BC695E-4FD9-3C07-B429-12663EE2B845}
		{E8C14C49-E597-3FE7-A38E-AA2AF908107A}.9 = {3089ECC0-20F1-31D7-9803-6C960BCF3561}
		{E8C14C49-E597-3FE7-A38E-AA2AF908107A}.10 = {C521CD9A-8A4A-3522-8429-E069608C8D66}
		{E8C14C49-E597-3FE7-A38E-AA2AF908107A}.11 = {DFAF22FD-C0C0-336A-9A16-2C1D6374DFD5}
		{E8C14C49-E597-3FE7-A38E-AA2AF908107A}.12 = {32D0BC2A-E686-36FC-AA15-062A5431F04D}
		{E8C14C49-E597-3FE7-A38E-AA2AF908107A}.13 = {32F65A2F-1495-30F6-8DA2-310012DCB928}
		{E8C14C49-E597-3FE7-A38E-AA2AF908107A}.14 = {945AF063-A07D-3EFA-8206-0BD01830F524}
		{E8C14C49-E597-3FE7-A38E-AA2AF908107A}.15 = {EB600C6C-FC20-3F44-AAED-273D007242B5}
		{E8C14C49-E597-3FE7-A38E-AA2AF908107A}.16 = {684A1C26-0763-36FD-9457-94AC9AA5A724}
		{E8C14C49-E597-3FE7-A38E-AA2AF908107A}.17 = {CB37FCAE-8911-3DB7-BA6B-4F8AFF528E75}
		{E8C14C49-E597-3FE7-A38E-AA2AF908107A}.18 = {F30D9A0A-AE4C-3B06-B8E9-0AAD1FC32949}
		{E8C14C49-E597-3FE7-A38E-AA2AF908107A}.19 = {36E52977-7083-3C3C-AAE5-9C0D29057566}
		{E8C14C49-E597-3FE7-A38E-AA2AF908107A}.20 = {EF65BF59-2BFF-3FEC-96F3-26D5EACB4205}
		{0A0149C6-E88E-3173-AF9D-668C64DF8C97}.0 = {F3D78323-E3E6-3CA0-8E30-FB941EDB3066}
		{0A0149C6-E88E-3173-AF9D-668C64DF8C97}.1 = {2CCE99DE-14D2-3CBF-A061-00C52905A3DD}
		{0A0149C6-E88E-3173-AF9D-668C64DF8C97}.2 = {343D1F2D-1F56-3B2A-AC84-62DFDCB762C7}
		{0A0149C6-E88E-3173-AF9D-668C64DF8C97}.3 = {748E55BF-73EC-3E7C-B56D-1E5E6BD674D0}
		{0A0149C6-E88E-3173-AF9D-668C64DF8C97}.4 = {0E5CE5EB-7E12-3615-985C-53466763A7D5}
		{0A0149C6-E88E-3173-AF9D-668C64DF8C97}.5 = {E8FC729F-F8DE-3D92-90C4-1972215D2514}
		{0A0149C6-E88E-3173-AF9D-668C64DF8C97}.6 = {5782F8F8-7A79-3190-8754-D0F0A9D97329}
		{0A0149C6-E88E-3173-AF9D-668C64DF8C97}.7 = {E330D6D3-DEAC-3F98-8B65-8B190423A581}
		{0A0149C6-E88E-3173-AF9D-668C64DF8C97}.8 = {79BC695E-4FD9-3C07-B429-12663EE2B845}
		{0A0149C6-E88E-3173-AF9D-668C64DF8C97}.9 = {3089ECC0-20F1-31D7-9803-6C960BCF3561}
		{0A0149C6-E88E-3173-AF9D-668C64DF8C97}.10 = {C521CD9A-8A4A-3522-8429-E069608C8D66}
		{0A0149C6-E88E-3173-AF9D-668C64DF8C97}.11 = {DFAF22FD-C0C0-336A-9A16-2C1D6374DFD5}
		{0A0149C6-E88E-3173-AF9D-668C64DF8C97}.12 = {32D0BC2A-E686-36FC-AA15-062A5431F04D}
		{0A0149C6-E88E-3173-AF9D-668C64DF8C97}.13 = {32F65A2F-1495-30F6-8DA2-310012DCB928}
		{0A0149C6-E88E-3173-AF9D-668C64DF8C97}.14 = {945AF063-A07D-3EFA-8206-0BD01830F524}
		{0A0149C6-E88E-3173-AF9D-668C64DF8C97}.15 = {EB600C6C-FC20-3F44-AAED-273D007242B5}
		{0A0149C6-E88E-3173-AF9D-668C64DF8C97}.16 = {684A1C26-0763-36FD-9457-94AC9AA5A724}
		{0A0149C6-E88E-3173-AF9D-668C64DF8C97}.17 = {CB37FCAE-8911-3DB7-BA6B-4F8AFF528E75}
		{0A0149C6-E88E-3173-AF9D-668C64DF8C97}.18 = {F30D9A0A-AE4C-3B06-B8E9-0AAD1FC32949}
		{0A0149C6-E88E-3173-AF9D-668C64DF8C97}.19 = {36E52977-7083-3C3C-AAE5-9C0D29057566}
		{0A0149C6-E88E-3173-AF9D-668C64DF8C97}.20 = {EF65BF59-2BFF-3FEC-96F3-26D5EACB4205}
		{55390627-F5CA-3FCE-AC42-018AC10AA5F2}.0 = {912D90C1-57D0-3C42-A322-15F6B6E3037E}
		{55390627-F5CA-3FCE-AC42-018AC10AA5F2}.1 = {F3D78323-E3E6-3CA0-8E30-FB941EDB3066}
		{55390627-F5CA-3FCE-AC42-018AC10AA5F2}.2 = {2CCE99DE-14D2-3CBF-A061-00C52905A3DD}
		{55390627-F5CA-3FCE-AC42-018AC10AA5F2}.3 = {343D1F2D-1F56-3B2A-AC84-62DFDCB762C7}
		{55390627-F5CA-3FCE-AC42-018AC10AA5F2}.4 = {748E55BF-73EC-3E7C-B56D-1E5E6BD674D0}
		{55390627-F5CA-3FCE-AC42-018AC10AA5F2}.5 = {0E5CE5EB-7E12-3615-985C-53466763A7D5}
		{55390627-F5CA-3FCE-AC42-018AC10AA5F2}.6 = {E8FC729F-F8DE-3D92-90C4-1972215D2514}
		{55390627-F5CA-3FCE-AC42-018AC10AA5F2}.7 = {5782F8F8-7A79-3190-8754-D0F0A9D97329}
		{55390627-F5CA-3FCE-AC42-018AC10AA5F2}.8 = {E330D6D3-DEAC-3F98-8B65-8B190423A581}
		{55390627-F5CA-3FCE-AC42-018AC10AA5F2}.9 = {79BC695E-4FD9-3C07-B429-12663EE2B845}
		{55390627-F5CA-3FCE-AC42-018AC10AA5F2}.10 = {3089ECC0-20F1-31D7-9803-6C960BCF3561}
		{55390627-F5CA-3FCE-AC42-018AC10AA5F2}.11 = {C521CD9A-8A4A-3522-8429-E069608C8D66}
		{55390627-F5CA-3FCE-AC42-018AC10AA5F2}.12 = {DFAF22FD-C0C0-336A-9A16-2C1D6374DFD5}
		{55390627-F5CA-3FCE-AC42-018AC10AA5F2}.13 = {32D0BC2A-E686-36FC-AA15-062A5431F04D}
		{55390627-F5CA-3FCE-AC42-018AC10AA5F2}.14 = {32F65A2F-1495-30F6-8DA2-310012DCB928}
		{55390627-F5CA-3FCE-AC42-018AC10AA5F2}.15 = {945AF063-A07D-3EFA-8206-0BD01830F524}
		{55390627-F5CA-3FCE-AC42-018AC10AA5F2}.16 = {EB600C6C-FC20-3F44-AAED-273D007242B5}
		{55390627-F5CA-3FCE-AC42-018AC10AA5F2}.17 = {684A1C26-0763-36FD-9457-94AC9AA5A724}
		{55390627-F5CA-3FCE-AC42-018AC10AA5F2}.18 = {CB37FCAE-8911-3DB7-BA6B-4F8AFF528E75}
		{55390627-F5CA-3FCE-AC42-018AC10AA5F2}.19 = {F30D9A0A-AE4C-3B06-B8E9-0AAD1FC32949}
		{55390627-F5CA-3FCE-AC42-018AC10AA5F2}.20 = {36E52977-7083-3C3C-AAE5-9C0D29057566}
		{55390627-F5CA-3FCE-AC42-018AC10AA5F2}.21 = {EF65BF59-2BFF-3FEC-96F3-26D5EACB4205}
		{7D2C18D8-63B5-36C0-AE8F-895B9F83EB42}.0 = {E330D6D3-DEAC-3F98-8B65-8B190423A581}
		{7D2C18D8-63B5-36C0-AE8F-895B9F83EB42}.1 = {79BC695E-4FD9-3C07-B429-12663EE2B845}
		{7D2C18D8-63B5-36C0-AE8F-895B9F83EB42}.2 = {3089ECC0-20F1-31D7-9803-6C960BCF3561}
		{7D2C18D8-63B5-36C0-AE8F-895B9F83EB42}.3 = {C521CD9A-8A4A-3522-8429-E069608C8D66}
		{7D2C18D8-63B5-36C0-AE8F-895B9F83EB42}.4 = {DFAF22FD-C0C0-336A-9A16-2C1D6374DFD5}
		{7D2C18D8-63B5-36C0-AE8F-895B9F83EB42}.5 = {32D0BC2A-E686-36FC-AA15-062A5431F04D}
		{7D2C18D8-63B5-36C0-AE8F-895B9F83EB42}.6 = {32F65A2F-1495-30F6-8DA2-310012DCB928}
		{7D2C18D8-63B5-36C0-AE8F-895B9F83EB42}.7 = {945AF063-A07D-3EFA-8206-0BD01830F524}
		{7D2C18D8-63B5-36C0-AE8F-895B9F83EB42}.8 = {EB600C6C-FC20-3F44-AAED-273D007242B5}
		{7D2C18D8-63B5-36C0-AE8F-895B9F83EB42}.9 = {684A1C26-0763-36FD-9457-94AC9AA5A724}
		{7D2C18D8-63B5-36C0-AE8F-895B9F83EB42}.10 = {CB37FCAE-8911-3DB7-BA6B-4F8AFF528E75}
		{7D2C18D8-63B5-36C0-AE8F-895B9F83EB42}.11 = {F30D9A0A-AE4C-3B06-B8E9-0AAD1FC32949}
		{7D2C18D8-63B5-36C0-AE8F-895B9F83EB42}.12 = {36E52977-7083-3C3C-AAE5-9C0D29057566}
		{7D2C18D8-63B5-36C0-AE8F-895B9F83EB42}.13 = {EF65BF59-2BFF-3FEC-96F3-26D5EACB4205}
		{7D2C18D8-63B5-36C0-AE8F-895B9F83EB42}.14 = {F3D78323-E3E6-3CA0-8E30-FB941EDB3066}
		{7D2C18D8-63B5-36C0-AE8F-895B9F83EB42}.15 = {2CCE99DE-14D2-3CBF-A061-00C52905A3DD}
		{7D2C18D8-63B5-36C0-AE8F-895B9F83EB42}.16 = {343D1F2D-1F56-3B2A-AC84-62DFDCB762C7}
		{7D2C18D8-63B5-36C0-AE8F-895B9F83EB42}.17 = {748E55BF-73EC-3E7C-B56D-1E5E6BD674D0}
		{7D2C18D8-63B5-36C0-AE8F-895B9F83EB42}.18 = {0E5CE5EB-7E12-3615-985C-53466763A7D5}
		{7D2C18D8-63B5-36C0-AE8F-895B9F83EB42}.19 = {E8FC729F-F8DE-3D92-90C4-1972215D2514}
		{7D2C18D8-63B5-36C0-AE8F-895B9F83EB42}.20 = {5782F8F8-7A79-3190-8754-D0F0A9D97329}
		{7D2C18D8-63B5-36C0-AE8F-895B9F83EB42}.21 = {912D90C1-57D0-3C42-A322-15F6B6E3037E}
		{B82286B9-F79B-32F3-93FE-EA1040D7F6B9}.0 = {E330D6D3-DEAC-3F98-8B65-8B190423A581}
		{B82286B9-F79B-32F3-93FE-EA1040D7F6B9}.1 = {79BC695E-4FD9-3C07-B429-12663EE2B845}
		{B82286B9-F79B-32F3-93FE-EA1040D7F6B9}.2 = {3089ECC0-20F1-31D7-9803-6C960BCF3561}
		{B82286B9-F79B-32F3-93FE-EA1040D7F6B9}.3 = {C521CD9A-8A4A-3522-8429-E069608C8D66}
		{B82286B9-F79B-32F3-93FE-EA1040D7F6B9}.4 = {DFAF22FD-C0C0-336A-9A16-2C1D6374DFD5}
		{B82286B9-F79B-32F3-93FE-EA1040D7F6B9}.5 = {32D0BC2A-E686-36FC-AA15-062A5431F04D}
		{B82286B9-F79B-32F3-93FE-EA1040D7F6B9}.6 = {32F65A2F-1495-30F6-8DA2-310012DCB928}
		{B82286B9-F79B-32F3-93FE-EA1040D7F6B9}.7 = {945AF063-A07D-3EFA-8206-0BD01830F524}
		{B82286B9-F79B-32F3-93FE-EA1040D7F6B9}.8 = {EB600C6C-FC20-3F44-AAED-273D007242B5}
		{B82286B9-F79B-32F3-93FE-EA1040D7F6B9}.9 = {684A1C26-0763-36FD-9457-94AC9AA5A724}
		{B82286B9-F79B-32F3-93FE-EA1040D7F6B9}.10 = {CB37FCAE-8911-3DB7-BA6B-4F8AFF528E75}
		{B82286B9-F79B-32F3-93FE-EA1040D7F6B9}.11 = {F30D9A0A-AE4C-3B06-B8E9-0AAD1FC32949}
		{B82286B9-F79B-32F3-93FE-EA1040D7F6B9}.12 = {36E52977-7083-3C3C-AAE5-9C0D29057566}
		{B82286B9-F79B-32F3-93FE-EA1040D7F6B9}.13 = {EF65BF59-2BFF-3FEC-96F3-26D5EACB4205}
		{B82286B9-F79B-32F3-93FE-EA1040D7F6B9}.14 = {F3D78323-E3E6-3CA0-8E30-FB941EDB3066}
		{B82286B9-F79B-32F3-93FE-EA1040D7F6B9}.15 = {2CCE99DE-14D2-3CBF-A061-00C52905A3DD}
		{B82286B9-F79B-32F3-93FE-EA1040D7F6B9}.16 = {343D1F2D-1F56-3B2A-AC84-62DFDCB762C7}
		{B82286B9-F79B-32F3-93FE-EA1040D7F6B9}.17 = {748E55BF-73EC-3E7C-B56D-1E5E6BD674D0}
		{B82286B9-F79B-32F3-93FE-EA1040D7F6B9}.18 = {0E5CE5EB-7E12-3615-985C-53466763A7D5}
		{B82286B9-F79B-32F3-93FE-EA1040D7F6B9}.19 = {E8FC729F-F8DE-3D92-90C4-1972215D2514}
		{B82286B9-F79B-32F3-93FE-EA1040D7F6B9}.20 = {5782F8F8-7A79-3190-8754-D0F0A9D97329}
		{B82286B9-F79B-32F3-93FE-EA1040D7F6B9}.21 = {912D90C1-57D0-3C42-A322-15F6B6E3037E}
		{A8947B85-F779-3AAE-ACB0-349B50CC8F81}.0 = {E330D6D3-DEAC-3F98-8B65-8B190423A581}
		{A8947B85-F779-3AAE-ACB0-349B50CC8F81}.1 = {79BC695E-4FD9-3C07-B429-12663EE2B845}
		{A8947B85-F779-3AAE-ACB0-349B50CC8F81}.2 = {3089ECC0-20F1-31D7-9803-6C960BCF3561}
		{A8947B85-F779-3AAE-ACB0-349B50CC8F81}.3 = {C521CD9A-8A4A-3522-8429-E069608C8D66}
		{A8947B85-F779-3AAE-ACB0-349B50CC8F81}.4 = {DFAF22FD-C0C0-336A-9A16-2C1D6374DFD5}
		{A8947B85-F779-3AAE-ACB0-349B50CC8F81}.5 = {32D0BC2A-E686-36FC-AA15-062A5431F04D}
		{A8947B85-F779-3AAE-ACB0-349B50CC8F81}.6 = {32F65A2F-1495-30F6-8DA2-310012DCB928}
		{A8947B85-F779-3AAE-ACB0-349B50CC8F81}.7 = {945AF063-A07D-3EFA-8206-0BD01830F524}
		{A8947B85-F779-3AAE-ACB0-349B50CC8F81}.8 = {EB600C6C-FC20-3F44-AAED-273D007242B5}
		{A8947B85-F779-3AAE-ACB0-349B50CC8F81}.9 = {684A1C26-0763-36FD-9457-94AC9AA5A724}
		{A8947B85-F779-3AAE-ACB0-349B50CC8F81}.10 = {CB37FCAE-8911-3DB7-BA6B-4F8AFF528E75}
		{A8947B85-F779-3AAE-ACB0-349B50CC8F81}.11 = {F30D9A0A-AE4C-3B06-B8E9-0AAD1FC32949}
		{A8947B85-F779-3AAE-ACB0-349B50CC8F81}.12 = {36E52977-7083-3C3C-AAE5-9C0D29057566}
		{A8947B85-F779-3AAE-ACB0-349B50CC8F81}.13 = {EF65BF59-2BFF-3FEC-96F3-26D5EACB4205}
		{A8947B85-F779-3AAE-ACB0-349B50CC8F81}.14 = {F3D78323-E3E6-3CA0-8E30-FB941EDB3066}
		{A8947B85-F779-3AAE-ACB0-349B50CC8F81}.15 = {2CCE99DE-14D2-3CBF-A061-00C52905A3DD}
		{A8947B85-F779-3AAE-ACB0-349B50CC8F81}.16 = {343D1F2D-1F56-3B2A-AC84-62DFDCB762C7}
		{A8947B85-F779-3AAE-ACB0-349B50CC8F81}.17 = {748E55BF-73EC-3E7C-B56D-1E5E6BD674D0}
		{A8947B85-F779-3AAE-ACB0-349B50CC8F81}.18 = {0E5CE5EB-7E12-3615-985C-53466763A7D5}
		{A8947B85-F779-3AAE-ACB0-349B50CC8F81}.19 = {E8FC729F-F8DE-3D92-90C4-1972215D2514}
		{A8947B85-F779-3AAE-ACB0-349B50CC8F81}.20 = {5782F8F8-7A79-3190-8754-D0F0A9D97329}
		{A8947B85-F779-3AAE-ACB0-349B50CC8F81}.21 = {912D90C1-57D0-3C42-A322-15F6B6E3037E}
	EndGlobalSection
	GlobalSection(ProjectConfiguration) = postSolution
		{EF65BF59-2BFF-3FEC-96F3-26D5EACB4205}.Debug|Win32.ActiveCfg = Debug|Win32
		{EF65BF59-2BFF-3FEC-96F3-26D5EACB4205}.Debug|Win32.Build.0 = Debug|Win32
		{EF65BF59-2BFF-3FEC-96F3-26D5EACB4205}.Release|Win32.ActiveCfg = Release|Win32
		{EF65BF59-2BFF-3FEC-96F3-26D5EACB4205}.Release|Win32.Build.0 = Release|Win32
		{CB37FCAE-8911-3DB7-BA6B-4F8AFF528E75}.Debug|Win32.ActiveCfg = Debug|Win32
		{CB37FCAE-8911-3DB7-BA6B-4F8AFF528E75}.Debug|Win32.Build.0 = Debug|Win32
		{CB37FCAE-8911-3DB7-BA6B-4F8AFF528E75}.Release|Win32.ActiveCfg = Release|Win32
		{CB37FCAE-8911-3DB7-BA6B-4F8AFF528E75}.Release|Win32.Build.0 = Release|Win32
		{36E52977-7083-3C3C-AAE5-9C0D29057566}.Debug|Win32.ActiveCfg = Debug|Win32
		{36E52977-7083-3C3C-AAE5-9C0D29057566}.Debug|Win32.Build.0 = Debug|Win32
		{36E52977-7083-3C3C-AAE5-9C0D29057566}.Release|Win32.ActiveCfg = Release|Win32
		{36E52977-7083-3C3C-AAE5-9C0D29057566}.Release|Win32.Build.0 = Release|Win32
		{32D0BC2A-E686-36FC-AA15-062A5431F04D}.Debug|Win32.ActiveCfg = Debug|Win32
		{32D0BC2A-E686-36FC-AA15-062A5431F04D}.Debug|Win32.Build.0 = Debug|Win32
		{32D0BC2A-E686-36FC-AA15-062A5431F04D}.Release|Win32.ActiveCfg = Release|Win32
		{32D0BC2A-E686-36FC-AA15-062A5431F04D}.Release|Win32.Build.0 = Release|Win32
		{3089ECC0-20F1-31D7-9803-6C960BCF3561}.Debug|Win32.ActiveCfg = Debug|Win32
		{3089ECC0-20F1-31D7-9803-6C960BCF3561}.Debug|Win32.Build.0 = Debug|Win32
		{3089ECC0-20F1-31D7-9803-6C960BCF3561}.Release|Win32.ActiveCfg = Release|Win32
		{3089ECC0-20F1-31D7-9803-6C960BCF3561}.Release|Win32.Build.0 = Release|Win32
		{945AF063-A07D-3EFA-8206-0BD01830F524}.Debug|Win32.ActiveCfg = Debug|Win32
		{945AF063-A07D-3EFA-8206-0BD01830F524}.Debug|Win32.Build.0 = Debug|Win32
		{945AF063-A07D-3EFA-8206-0BD01830F524}.Release|Win32.ActiveCfg = Release|Win32
		{945AF063-A07D-3EFA-8206-0BD01830F524}.Release|Win32.Build.0 = Release|Win32
		{684A1C26-0763-36FD-9457-94AC9AA5A724}.Debug|Win32.ActiveCfg = Debug|Win32
		{684A1C26-0763-36FD-9457-94AC9AA5A724}.Debug|Win32.Build.0 = Debug|Win32
		{684A1C26-0763-36FD-9457-94AC9AA5A724}.Release|Win32.ActiveCfg = Release|Win32
		{684A1C26-0763-36FD-9457-94AC9AA5A724}.Release|Win32.Build.0 = Release|Win32
		{EB600C6C-FC20-3F44-AAED-273D007242B5}.Debug|Win32.ActiveCfg = Debug|Win32
		{EB600C6C-FC20-3F44-AAED-273D007242B5}.Debug|Win32.Build.0 = Debug|Win32
		{EB600C6C-FC20-3F44-AAED-273D007242B5}.Release|Win32.ActiveCfg = Release|Win32
		{EB600C6C-FC20-3F44-AAED-273D007242B5}.Release|Win32.Build.0 = Release|Win32
		{F30D9A0A-AE4C-3B06-B8E9-0AAD1FC32949}.Debug|Win32.ActiveCfg = Debug|Win32
		{F30D9A0A-AE4C-3B06-B8E9-0AAD1FC32949}.Debug|Win32.Build.0 = Debug|Win32
		{F30D9A0A-AE4C-3B06-B8E9-0AAD1FC32949}.Release|Win32.ActiveCfg = Release|Win32
		{F30D9A0A-AE4C-3B06-B8E9-0AAD1FC32949}.Release|Win32.Build.0 = Release|Win32
		{79BC695E-4FD9-3C07-B429-12663EE2B845}.Debug|Win32.ActiveCfg = Debug|Win32
		{79BC695E-4FD9-3C07-B429-12663EE2B845}.Debug|Win32.Build.0 = Debug|Win32
		{79BC695E-4FD9-3C07-B429-12663EE2B845}.Release|Win32.ActiveCfg = Release|Win32
		{79BC695E-4FD9-3C07-B429-12663EE2B845}.Release|Win32.Build.0 = Release|Win32
		{DFAF22FD-C0C0-336A-9A16-2C1D6374DFD5}.Debug|Win32.ActiveCfg = Debug|Win32
		{DFAF22FD-C0C0-336A-9A16-2C1D6374DFD5}.Debug|Win32.Build.0 = Debug|Win32
		{DFAF22FD-C0C0-336A-9A16-2C1D6374DFD5}.Release|Win32.ActiveCfg = Release|Win32
		{DFAF22FD-C0C0-336A-9A16-2C1D6374DFD5}.Release|Win32.Build.0 = Release|Win32
		{32F65A2F-1495-30F6-8DA2-310012DCB928}.Debug|Win32.ActiveCfg = Debug|Win32
		{32F65A2F-1495-30F6-8DA2-310012DCB928}.Debug|Win32.Build.0 = Debug|Win32
		{32F65A2F-1495-30F6-8DA2-310012DCB928}.Release|Win32.ActiveCfg = Release|Win32
		{32F65A2F-1495-30F6-8DA2-310012DCB928}.Release|Win32.Build.0 = Release|Win32
		{E330D6D3-DEAC-3F98-8B65-8B190423A581}.Debug|Win32.ActiveCfg = Debug|Win32
		{E330D6D3-DEAC-3F98-8B65-8B190423A581}.Debug|Win32.Build.0 = Debug|Win32
		{E330D6D3-DEAC-3F98-8B65-8B190423A581}.Release|Win32.ActiveCfg = Release|Win32
		{E330D6D3-DEAC-3F98-8B65-8B190423A581}.Release|Win32.Build.0 = Release|Win32
		{C521CD9A-8A4A-3522-8429-E069608C8D66}.Debug|Win32.ActiveCfg = Debug|Win32
		{C521CD9A-8A4A-3522-8429-E069608C8D66}.Debug|Win32.Build.0 = Debug|Win32
		{C521CD9A-8A4A-3522-8429-E069608C8D66}.Release|Win32.ActiveCfg = Release|Win32
		{C521CD9A-8A4A-3522-8429-E069608C8D66}.Release|Win32.Build.0 = Release|Win32
		{5782F8F8-7A79-3190-8754-D0F0A9D97329}.Debug|Win32.ActiveCfg = Debug|Win32
		{5782F8F8-7A79-3190-8754-D0F0A9D97329}.Debug|Win32.Build.0 = Debug|Win32
		{5782F8F8-7A79-3190-8754-D0F0A9D97329}.Release|Win32.ActiveCfg = Release|Win32
		{5782F8F8-7A79-3190-8754-D0F0A9D97329}.Release|Win32.Build.0 = Release|Win32
		{748E55BF-73EC-3E7C-B56D-1E5E6BD674D0}.Debug|Win32.ActiveCfg = Debug|Win32
		{748E55BF-73EC-3E7C-B56D-1E5E6BD674D0}.Debug|Win32.Build.0 = Debug|Win32
		{748E55BF-73EC-3E7C-B56D-1E5E6BD674D0}.Release|Win32.ActiveCfg = Release|Win32
		{748E55BF-73EC-3E7C-B56D-1E5E6BD674D0}.Release|Win32.Build.0 = Release|Win32
		{343D1F2D-1F56-3B2A-AC84-62DFDCB762C7}.Debug|Win32.ActiveCfg = Debug|Win32
		{343D1F2D-1F56-3B2A-AC84-62DFDCB762C7}.Debug|Win32.Build.0 = Debug|Win32
		{343D1F2D-1F56-3B2A-AC84-62DFDCB762C7}.Release|Win32.ActiveCfg = Release|Win32
		{343D1F2D-1F56-3B2A-AC84-62DFDCB762C7}.Release|Win32.Build.0 = Release|Win32
		{E8FC729F-F8DE-3D92-90C4-1972215D2514}.Debug|Win32.ActiveCfg = Debug|Win32
		{E8FC729F-F8DE-3D92-90C4-1972215D2514}.Debug|Win32.Build.0 = Debug|Win32
		{E8FC729F-F8DE-3D92-90C4-1972215D2514}.Release|Win32.ActiveCfg = Release|Win32
		{E8FC729F-F8DE-3D92-90C4-1972215D2514}.Release|Win32.Build.0 = Release|Win32
		{F3D78323-E3E6-3CA0-8E30-FB941EDB3066}.Debug|Win32.ActiveCfg = Debug|Win32
		{F3D78323-E3E6-3CA0-8E30-FB941EDB3066}.Debug|Win32.Build.0 = Debug|Win32
		{F3D78323-E3E6-3CA0-8E30-FB941EDB3066}.Release|Win32.ActiveCfg = Release|Win32
		{F3D78323-E3E6-3CA0-8E30-FB941EDB3066}.Release|Win32.Build.0 = Release|Win32
		{0E5CE5EB-7E12-3615-985C-53466763A7D5}.Debug|Win32.ActiveCfg = Debug|Win32
		{0E5CE5EB-7E12-3615-985C-53466763A7D5}.Debug|Win32.Build.0 = Debug|Win32
		{0E5CE5EB-7E12-3615-985C-53466763A7D5}.Release|Win32.ActiveCfg = Release|Win32
		{0E5CE5EB-7E12-3615-985C-53466763A7D5}.Release|Win32.Build.0 = Release|Win32
		{2CCE99DE-14D2-3CBF-A061-00C52905A3DD}.Debug|Win32.ActiveCfg = Debug|Win32
		{2CCE99DE-14D2-3CBF-A061-00C52905A3DD}.Debug|Win32.Build.0 = Debug|Win32
		{2CCE99DE-14D2-3CBF-A061-00C52905A3DD}.Release|Win32.ActiveCfg = Release|Win32
		{2CCE99DE-14D2-3CBF-A061-00C52905A3DD}.Release|Win32.Build.0 = Release|Win32
		{912D90C1-57D0-3C42-A322-15F6B6E3037E}.Debug|Win32.ActiveCfg = Debug|Win32
		{912D90C1-57D0-3C42-A322-15F6B6E3037E}.Debug|Win32.Build.0 = Debug|Win32
		{912D90C1-57D0-3C42-A322-15F6B6E3037E}.Release|Win32.ActiveCfg = Release|Win32
		{912D90C1-57D0-3C42-A322-15F6B6E3037E}.Release|Win32.Build.0 = Release|Win32
		{8AD6C67E-7D3A-3B10-B4E5-152CFB429099}.Debug|Win32.ActiveCfg = Debug|Win32
		{8AD6C67E-7D3A-3B10-B4E5-152CFB429099}.Debug|Win32.Build.0 = Debug|Win32
		{8AD6C67E-7D3A-3B10-B4E5-152CFB429099}.Release|Win32.ActiveCfg = Release|Win32
		{8AD6C67E-7D3A-3B10-B4E5-152CFB429099}.Release|Win32.Build.0 = Release|Win32
		{DF996132-E2F5-3F15-8758-8F1EA0F79ED2}.Debug|Win32.ActiveCfg = Debug|Win32
		{DF996132-E2F5-3F15-8758-8F1EA0F79ED2}.Debug|Win32.Build.0 = Debug|Win32
		{DF996132-E2F5-3F15-8758-8F1EA0F79ED2}.Release|Win32.ActiveCfg = Release|Win32
		{DF996132-E2F5-3F15-8758-8F1EA0F79ED2}.Release|Win32.Build.0 = Release|Win32
		{4B645CC5-DF97-37D7-BAE7-BB9B6F6CC0E8}.Debug|Win32.ActiveCfg = Debug|Win32
		{4B645CC5-DF97-37D7-BAE7-BB9B6F6CC0E8}.Debug|Win32.Build.0 = Debug|Win32
		{4B645CC5-DF97-37D7-BAE7-BB9B6F6CC0E8}.Release|Win32.ActiveCfg = Release|Win32
		{4B645CC5-DF97-37D7-BAE7-BB9B6F6CC0E8}.Release|Win32.Build.0 = Release|Win32
		{E8C14C49-E597-3FE7-A38E-AA2AF908107A}.Debug|Win32.ActiveCfg = Debug|Win32
		{E8C14C49-E597-3FE7-A38E-AA2AF908107A}.Debug|Win32.Build.0 = Debug|Win32
		{E8C14C49-E597-3FE7-A38E-AA2AF908107A}.Release|Win32.ActiveCfg = Release|Win32
		{E8C14C49-E597-3FE7-A38E-AA2AF908107A}.Release|Win32.Build.0 = Release|Win32
		{0A0149C6-E88E-3173-AF9D-668C64DF8C97}.Debug|Win32.ActiveCfg = Debug|Win32
		{0A0149C6-E88E-3173-AF9D-668C64DF8C97}.Debug|Win32.Build.0 = Debug|Win32
		{0A0149C6-E88E-3173-AF9D-668C64DF8C97}.Release|Win32.ActiveCfg = Release|Win32
		{0A0149C6-E88E-3173-AF9D-668C64DF8C97}.Release|Win32.Build.0 = Release|Win32
		{55390627-F5CA-3FCE-AC42-018AC10AA5F2}.Debug|Win32.ActiveCfg = Debug|Win32
		{55390627-F5CA-3FCE-AC42-018AC10AA5F2}.Debug|Win32.Build.0 = Debug|Win32
		{55390627-F5CA-3FCE-AC42-018AC10AA5F2}.Release|Win32.ActiveCfg = Release|Win32
		{55390627-F5CA-3FCE-AC42-018AC10AA5F2}.Release|Win32.Build.0 = Release|Win32
		{7D2C18D8-63B5-36C0-AE8F-895B9F83EB42}.Debug|Win32.ActiveCfg = Debug|Win32
		{7D2C18D8-63B5-36C0-AE8F-895B9F83EB42}.Debug|Win32.Build.0 = Debug|Win32
		{7D2C18D8-63B5-36C0-AE8F-895B9F83EB42}.Release|Win32.ActiveCfg = Release|Win32
		{7D2C18D8-63B5-36C0-AE8F-895B9F83EB42}.Release|Win32.Build.0 = Release|Win32
		{B82286B9-F79B-32F3-93FE-EA1040D7F6B9}.Debug|Win32.ActiveCfg = Debug|Win32
		{B82286B9-F79B-32F3-93FE-EA1040D7F6B9}.Debug|Win32.Build.0 = Debug|Win32
		{B82286B9-F79B-32F3-93FE-EA1040D7F6B9}.Release|Win32.ActiveCfg = Release|Win32
		{B82286B9-F79B-32F3-93FE-EA1040D7F6B9}.Release|Win32.Build.0 = Release|Win32
		{A8947B85-F779-3AAE-ACB0-349B50CC8F81}.Debug|Win32.ActiveCfg = Debug|Win32
		{A8947B85-F779-3AAE-ACB0-349B50CC8F81}.Debug|Win32.Build.0 = Debug|Win32
		{A8947B85-F779-3AAE-ACB0-349B50CC8F81}.Release|Win32.ActiveCfg = Release|Win32
		{A8947B85-F779-3AAE-ACB0-349B50CC8F81}.Release|Win32.Build.0 = Release|Win32
	EndGlobalSection
	GlobalSection(ExtensibilityGlobals) = postSolution
	EndGlobalSection
	GlobalSection(ExtensibilityAddIns) = postSolution
	EndGlobalSection
EndGlobal