Microsoft Visual Studio Solution File, Format Version 9.00
# Visual Studio 2005
Project("{8BC9CEB8-8B4A-11D0-8D11-00A0C91BC942}") = "istd", "C:/Temp/Acf/Install/Temp/Include/istd/VC9\istd.vcproj", "{EF65BF59-2BFF-3FEC-96F3-26D5EACB4205}"
EndProject
Project("{8BC9CEB8-8B4A-11D0-8D11-00A0C91BC942}") = "isys", "C:/Temp/Acf/Install/Temp/Include/isys/VC9\isys.vcproj", "{CB37FCAE-8911-3DB7-BA6B-4F8AFF528E75}"
EndProject
Project("{8BC9CEB8-8B4A-11D0-8D11-00A0C91BC942}") = "iser", "C:/Temp/Acf/Install/Temp/Include/iser/VC9\iser.vcproj", "{36E52977-7083-3C3C-AAE5-9C0D29057566}"
EndProject
Project("{8BC9CEB8-8B4A-11D0-8D11-00A0C91BC942}") = "isec", "C:/Temp/Acf/Install/Temp/Include/isec/VC9\isec.vcproj", "{32D0BC2A-E686-36FC-AA15-062A5431F04D}"
EndProject
Project("{8BC9CEB8-8B4A-11D0-8D11-00A0C91BC942}") = "i2d", "C:/Temp/Acf/Install/Temp/Include/i2d/VC9\i2d.vcproj", "{3089ECC0-20F1-31D7-9803-6C960BCF3561}"
EndProject
Project("{8BC9CEB8-8B4A-11D0-8D11-00A0C91BC942}") = "iimg", "C:/Temp/Acf/Install/Temp/Include/iimg/VC9\iimg.vcproj", "{945AF063-A07D-3EFA-8206-0BD01830F524}"
EndProject
Project("{8BC9CEB8-8B4A-11D0-8D11-00A0C91BC942}") = "imath", "C:/Temp/Acf/Install/Temp/Include/imath/VC9\imath.vcproj", "{684A1C26-0763-36FD-9457-94AC9AA5A724}"
EndProject
Project("{8BC9CEB8-8B4A-11D0-8D11-00A0C91BC942}") = "icmm", "C:/Temp/Acf/Install/Temp/Include/icmm/VC9\icmm.vcproj", "{EB600C6C-FC20-3F44-AAED-273D007242B5}"
EndProject
Project("{8BC9CEB8-8B4A-11D0-8D11-00A0C91BC942}") = "imod", "C:/Temp/Acf/Install/Temp/Include/imod/VC9\imod.vcproj", "{F30D9A0A-AE4C-3B06-B8E9-0AAD1FC32949}"
EndProject
Project("{8BC9CEB8-8B4A-11D0-8D11-00A0C91BC942}") = "icomp", "C:/Temp/Acf/Install/Temp/Include/icomp/VC9\icomp.vcproj", "{79BC695E-4FD9-3C07-B429-12663EE2B845}"
EndProject
Project("{8BC9CEB8-8B4A-11D0-8D11-00A0C91BC942}") = "idoc", "C:/Temp/Acf/Install/Temp/Include/idoc/VC9\idoc.vcproj", "{DFAF22FD-C0C0-336A-9A16-2C1D6374DFD5}"
EndProject
Project("{8BC9CEB8-8B4A-11D0-8D11-00A0C91BC942}") = "iprm", "C:/Temp/Acf/Install/Temp/Include/iprm/VC9\iprm.vcproj", "{32F65A2F-1495-30F6-8DA2-310012DCB928}"
EndProject
Project("{8BC9CEB8-8B4A-11D0-8D11-00A0C91BC942}") = "ibase", "C:/Temp/Acf/Install/Temp/Include/ibase/VC9\ibase.vcproj", "{E330D6D3-DEAC-3F98-8B65-8B190423A581}"
EndProject
Project("{8BC9CEB8-8B4A-11D0-8D11-00A0C91BC942}") = "iproc", "C:/Temp/Acf/Install/Temp/Include/iproc/VC9\iproc.vcproj", "{C521CD9A-8A4A-3522-8429-E069608C8D66}"
EndProject
Project("{8BC9CEB8-8B4A-11D0-8D11-00A0C91BC942}") = "iqt", "C:/Temp/Acf/Install/Temp/Include/iqt/VC9\iqt.vcproj", "{5782F8F8-7A79-3190-8754-D0F0A9D97329}"
EndProject
Project("{8BC9CEB8-8B4A-11D0-8D11-00A0C91BC942}") = "iqt2d", "C:/Temp/Acf/Install/Temp/Include/iqt2d/VC9\iqt2d.vcproj", "{748E55BF-73EC-3E7C-B56D-1E5E6BD674D0}"
EndProject
Project("{8BC9CEB8-8B4A-11D0-8D11-00A0C91BC942}") = "iqtdoc", "C:/Temp/Acf/Install/Temp/Include/iqtdoc/VC9\iqtdoc.vcproj", "{343D1F2D-1F56-3B2A-AC84-62DFDCB762C7}"
EndProject
Project("{8BC9CEB8-8B4A-11D0-8D11-00A0C91BC942}") = "iqtgui", "C:/Temp/Acf/Install/Temp/Include/iqtgui/VC9\iqtgui.vcproj", "{E8FC729F-F8DE-3D92-90C4-1972215D2514}"
EndProject
Project("{8BC9CEB8-8B4A-11D0-8D11-00A0C91BC942}") = "iqtmm", "C:/Temp/Acf/Install/Temp/Include/iqtmm/VC9\iqtmm.vcproj", "{F3D78323-E3E6-3CA0-8E30-FB941EDB3066}"
EndProject
Project("{8BC9CEB8-8B4A-11D0-8D11-00A0C91BC942}") = "iqtprm", "C:/Temp/Acf/Install/Temp/Include/iqtprm/VC9\iqtprm.vcproj", "{0E5CE5EB-7E12-3615-985C-53466763A7D5}"
EndProject
Project("{8BC9CEB8-8B4A-11D0-8D11-00A0C91BC942}") = "iqtproc", "C:/Temp/Acf/Install/Temp/Include/iqtproc/VC9\iqtproc.vcproj", "{2CCE99DE-14D2-3CBF-A061-00C52905A3DD}"
EndProject
Project("{8BC9CEB8-8B4A-11D0-8D11-00A0C91BC942}") = "icmpstr", "C:/Temp/Acf/Install/Temp/Include/icmpstr/VC9\icmpstr.vcproj", "{912D90C1-57D0-3C42-A322-15F6B6E3037E}"
EndProject
Global
	GlobalSection(SolutionConfiguration) = preSolution
		ConfigName.0 = Debug|Win32
		ConfigName.1 = Release|Win32
	EndGlobalSection
	GlobalSection(ProjectDependencies) = postSolution
	EndGlobalSection
	GlobalSection(ProjectConfiguration) = postSolution
		{EF65BF59-2BFF-3FEC-96F3-26D5EACB4205}.Debug|Win32.ActiveCfg = Debug|Win32
		{EF65BF59-2BFF-3FEC-96F3-26D5EACB4205}.Debug|Win32.Build.0 = Debug|Win32
		{EF65BF59-2BFF-3FEC-96F3-26D5EACB4205}.Release|Win32.ActiveCfg = Release|Win32
		{EF65BF59-2BFF-3FEC-96F3-26D5EACB4205}.Release|Win32.Build.0 = Release|Win32
		{CB37FCAE-8911-3DB7-BA6B-4F8AFF528E75}.Debug|Win32.ActiveCfg = Debug|Win32
		{CB37FCAE-8911-3DB7-BA6B-4F8AFF528E75}.Debug|Win32.Build.0 = Debug|Win32
		{CB37FCAE-8911-3DB7-BA6B-4F8AFF528E75}.Release|Win32.ActiveCfg = Release|Win32
		{CB37FCAE-8911-3DB7-BA6B-4F8AFF528E75}.Release|Win32.Build.0 = Release|Win32
		{36E52977-7083-3C3C-AAE5-9C0D29057566}.Debug|Win32.ActiveCfg = Debug|Win32
		{36E52977-7083-3C3C-AAE5-9C0D29057566}.Debug|Win32.Build.0 = Debug|Win32
		{36E52977-7083-3C3C-AAE5-9C0D29057566}.Release|Win32.ActiveCfg = Release|Win32
		{36E52977-7083-3C3C-AAE5-9C0D29057566}.Release|Win32.Build.0 = Release|Win32
		{32D0BC2A-E686-36FC-AA15-062A5431F04D}.Debug|Win32.ActiveCfg = Debug|Win32
		{32D0BC2A-E686-36FC-AA15-062A5431F04D}.Debug|Win32.Build.0 = Debug|Win32
		{32D0BC2A-E686-36FC-AA15-062A5431F04D}.Release|Win32.ActiveCfg = Release|Win32
		{32D0BC2A-E686-36FC-AA15-062A5431F04D}.Release|Win32.Build.0 = Release|Win32
		{3089ECC0-20F1-31D7-9803-6C960BCF3561}.Debug|Win32.ActiveCfg = Debug|Win32
		{3089ECC0-20F1-31D7-9803-6C960BCF3561}.Debug|Win32.Build.0 = Debug|Win32
		{3089ECC0-20F1-31D7-9803-6C960BCF3561}.Release|Win32.ActiveCfg = Release|Win32
		{3089ECC0-20F1-31D7-9803-6C960BCF3561}.Release|Win32.Build.0 = Release|Win32
		{945AF063-A07D-3EFA-8206-0BD01830F524}.Debug|Win32.ActiveCfg = Debug|Win32
		{945AF063-A07D-3EFA-8206-0BD01830F524}.Debug|Win32.Build.0 = Debug|Win32
		{945AF063-A07D-3EFA-8206-0BD01830F524}.Release|Win32.ActiveCfg = Release|Win32
		{945AF063-A07D-3EFA-8206-0BD01830F524}.Release|Win32.Build.0 = Release|Win32
		{684A1C26-0763-36FD-9457-94AC9AA5A724}.Debug|Win32.ActiveCfg = Debug|Win32
		{684A1C26-0763-36FD-9457-94AC9AA5A724}.Debug|Win32.Build.0 = Debug|Win32
		{684A1C26-0763-36FD-9457-94AC9AA5A724}.Release|Win32.ActiveCfg = Release|Win32
		{684A1C26-0763-36FD-9457-94AC9AA5A724}.Release|Win32.Build.0 = Release|Win32
		{EB600C6C-FC20-3F44-AAED-273D007242B5}.Debug|Win32.ActiveCfg = Debug|Win32
		{EB600C6C-FC20-3F44-AAED-273D007242B5}.Debug|Win32.Build.0 = Debug|Win32
		{EB600C6C-FC20-3F44-AAED-273D007242B5}.Release|Win32.ActiveCfg = Release|Win32
		{EB600C6C-FC20-3F44-AAED-273D007242B5}.Release|Win32.Build.0 = Release|Win32
		{F30D9A0A-AE4C-3B06-B8E9-0AAD1FC32949}.Debug|Win32.ActiveCfg = Debug|Win32
		{F30D9A0A-AE4C-3B06-B8E9-0AAD1FC32949}.Debug|Win32.Build.0 = Debug|Win32
		{F30D9A0A-AE4C-3B06-B8E9-0AAD1FC32949}.Release|Win32.ActiveCfg = Release|Win32
		{F30D9A0A-AE4C-3B06-B8E9-0AAD1FC32949}.Release|Win32.Build.0 = Release|Win32
		{79BC695E-4FD9-3C07-B429-12663EE2B845}.Debug|Win32.ActiveCfg = Debug|Win32
		{79BC695E-4FD9-3C07-B429-12663EE2B845}.Debug|Win32.Build.0 = Debug|Win32
		{79BC695E-4FD9-3C07-B429-12663EE2B845}.Release|Win32.ActiveCfg = Release|Win32
		{79BC695E-4FD9-3C07-B429-12663EE2B845}.Release|Win32.Build.0 = Release|Win32
		{DFAF22FD-C0C0-336A-9A16-2C1D6374DFD5}.Debug|Win32.ActiveCfg = Debug|Win32
		{DFAF22FD-C0C0-336A-9A16-2C1D6374DFD5}.Debug|Win32.Build.0 = Debug|Win32
		{DFAF22FD-C0C0-336A-9A16-2C1D6374DFD5}.Release|Win32.ActiveCfg = Release|Win32
		{DFAF22FD-C0C0-336A-9A16-2C1D6374DFD5}.Release|Win32.Build.0 = Release|Win32
		{32F65A2F-1495-30F6-8DA2-310012DCB928}.Debug|Win32.ActiveCfg = Debug|Win32
		{32F65A2F-1495-30F6-8DA2-310012DCB928}.Debug|Win32.Build.0 = Debug|Win32
		{32F65A2F-1495-30F6-8DA2-310012DCB928}.Release|Win32.ActiveCfg = Release|Win32
		{32F65A2F-1495-30F6-8DA2-310012DCB928}.Release|Win32.Build.0 = Release|Win32
		{E330D6D3-DEAC-3F98-8B65-8B190423A581}.Debug|Win32.ActiveCfg = Debug|Win32
		{E330D6D3-DEAC-3F98-8B65-8B190423A581}.Debug|Win32.Build.0 = Debug|Win32
		{E330D6D3-DEAC-3F98-8B65-8B190423A581}.Release|Win32.ActiveCfg = Release|Win32
		{E330D6D3-DEAC-3F98-8B65-8B190423A581}.Release|Win32.Build.0 = Release|Win32
		{C521CD9A-8A4A-3522-8429-E069608C8D66}.Debug|Win32.ActiveCfg = Debug|Win32
		{C521CD9A-8A4A-3522-8429-E069608C8D66}.Debug|Win32.Build.0 = Debug|Win32
		{C521CD9A-8A4A-3522-8429-E069608C8D66}.Release|Win32.ActiveCfg = Release|Win32
		{C521CD9A-8A4A-3522-8429-E069608C8D66}.Release|Win32.Build.0 = Release|Win32
		{5782F8F8-7A79-3190-8754-D0F0A9D97329}.Debug|Win32.ActiveCfg = Debug|Win32
		{5782F8F8-7A79-3190-8754-D0F0A9D97329}.Debug|Win32.Build.0 = Debug|Win32
		{5782F8F8-7A79-3190-8754-D0F0A9D97329}.Release|Win32.ActiveCfg = Release|Win32
		{5782F8F8-7A79-3190-8754-D0F0A9D97329}.Release|Win32.Build.0 = Release|Win32
		{748E55BF-73EC-3E7C-B56D-1E5E6BD674D0}.Debug|Win32.ActiveCfg = Debug|Win32
		{748E55BF-73EC-3E7C-B56D-1E5E6BD674D0}.Debug|Win32.Build.0 = Debug|Win32
		{748E55BF-73EC-3E7C-B56D-1E5E6BD674D0}.Release|Win32.ActiveCfg = Release|Win32
		{748E55BF-73EC-3E7C-B56D-1E5E6BD674D0}.Release|Win32.Build.0 = Release|Win32
		{343D1F2D-1F56-3B2A-AC84-62DFDCB762C7}.Debug|Win32.ActiveCfg = Debug|Win32
		{343D1F2D-1F56-3B2A-AC84-62DFDCB762C7}.Debug|Win32.Build.0 = Debug|Win32
		{343D1F2D-1F56-3B2A-AC84-62DFDCB762C7}.Release|Win32.ActiveCfg = Release|Win32
		{343D1F2D-1F56-3B2A-AC84-62DFDCB762C7}.Release|Win32.Build.0 = Release|Win32
		{E8FC729F-F8DE-3D92-90C4-1972215D2514}.Debug|Win32.ActiveCfg = Debug|Win32
		{E8FC729F-F8DE-3D92-90C4-1972215D2514}.Debug|Win32.Build.0 = Debug|Win32
		{E8FC729F-F8DE-3D92-90C4-1972215D2514}.Release|Win32.ActiveCfg = Release|Win32
		{E8FC729F-F8DE-3D92-90C4-1972215D2514}.Release|Win32.Build.0 = Release|Win32
		{F3D78323-E3E6-3CA0-8E30-FB941EDB3066}.Debug|Win32.ActiveCfg = Debug|Win32
		{F3D78323-E3E6-3CA0-8E30-FB941EDB3066}.Debug|Win32.Build.0 = Debug|Win32
		{F3D78323-E3E6-3CA0-8E30-FB941EDB3066}.Release|Win32.ActiveCfg = Release|Win32
		{F3D78323-E3E6-3CA0-8E30-FB941EDB3066}.Release|Win32.Build.0 = Release|Win32
		{0E5CE5EB-7E12-3615-985C-53466763A7D5}.Debug|Win32.ActiveCfg = Debug|Win32
		{0E5CE5EB-7E12-3615-985C-53466763A7D5}.Debug|Win32.Build.0 = Debug|Win32
		{0E5CE5EB-7E12-3615-985C-53466763A7D5}.Release|Win32.ActiveCfg = Release|Win32
		{0E5CE5EB-7E12-3615-985C-53466763A7D5}.Release|Win32.Build.0 = Release|Win32
		{2CCE99DE-14D2-3CBF-A061-00C52905A3DD}.Debug|Win32.ActiveCfg = Debug|Win32
		{2CCE99DE-14D2-3CBF-A061-00C52905A3DD}.Debug|Win32.Build.0 = Debug|Win32
		{2CCE99DE-14D2-3CBF-A061-00C52905A3DD}.Release|Win32.ActiveCfg = Release|Win32
		{2CCE99DE-14D2-3CBF-A061-00C52905A3DD}.Release|Win32.Build.0 = Release|Win32
		{912D90C1-57D0-3C42-A322-15F6B6E3037E}.Debug|Win32.ActiveCfg = Debug|Win32
		{912D90C1-57D0-3C42-A322-15F6B6E3037E}.Debug|Win32.Build.0 = Debug|Win32
		{912D90C1-57D0-3C42-A322-15F6B6E3037E}.Release|Win32.ActiveCfg = Release|Win32
		{912D90C1-57D0-3C42-A322-15F6B6E3037E}.Release|Win32.Build.0 = Release|Win32
	EndGlobalSection
	GlobalSection(ExtensibilityGlobals) = postSolution
	EndGlobalSection
	GlobalSection(ExtensibilityAddIns) = postSolution
	EndGlobalSection
EndGlobal